
Microsoft Visual Studio Solution File, Format Version 12.00
# Visual Studio Version 16
VisualStudioVersion = 16.0.31005.135
MinimumVisualStudioVersion = 15.0.26124.0
Project("{9A19103F-16F7-4668-BE54-9A1E7A4F7556}") = "API", "API\API.csproj", "{45D77932-A151-4C22-91BC-2DFE4417A832}"
EndProject
Project("{9A19103F-16F7-4668-BE54-9A1E7A4F7556}") = "Core", "core\Core.csproj", "{8F34F4DA-BF89-4413-869D-ED0AF2872861}"
EndProject
Project("{9A19103F-16F7-4668-BE54-9A1E7A4F7556}") = "Infrastructure", "Infrastructure\Infrastructure.csproj", "{3CE2CACC-023C-4309-A9E3-E6AB78CB2CFF}"
EndProject
Project("{00D1A9C2-B5F0-4AF3-8072-F6C62B433612}") = "Carsby-Database", "Carsby-Database\Carsby-Database.sqlproj", "{1592D089-D004-4326-AB53-1725C4874072}"
EndProject
Global
	GlobalSection(SolutionConfigurationPlatforms) = preSolution
		Debug|Any CPU = Debug|Any CPU
		Debug|x64 = Debug|x64
		Debug|x86 = Debug|x86
		Release|Any CPU = Release|Any CPU
		Release|x64 = Release|x64
		Release|x86 = Release|x86
	EndGlobalSection
	GlobalSection(ProjectConfigurationPlatforms) = postSolution
		{45D77932-A151-4C22-91BC-2DFE4417A832}.Debug|Any CPU.ActiveCfg = Debug|Any CPU
		{45D77932-A151-4C22-91BC-2DFE4417A832}.Debug|Any CPU.Build.0 = Debug|Any CPU
		{45D77932-A151-4C22-91BC-2DFE4417A832}.Debug|x64.ActiveCfg = Debug|Any CPU
		{45D77932-A151-4C22-91BC-2DFE4417A832}.Debug|x64.Build.0 = Debug|Any CPU
		{45D77932-A151-4C22-91BC-2DFE4417A832}.Debug|x86.ActiveCfg = Debug|Any CPU
		{45D77932-A151-4C22-91BC-2DFE4417A832}.Debug|x86.Build.0 = Debug|Any CPU
		{45D77932-A151-4C22-91BC-2DFE4417A832}.Release|Any CPU.ActiveCfg = Release|Any CPU
		{45D77932-A151-4C22-91BC-2DFE4417A832}.Release|Any CPU.Build.0 = Release|Any CPU
		{45D77932-A151-4C22-91BC-2DFE4417A832}.Release|x64.ActiveCfg = Release|Any CPU
		{45D77932-A151-4C22-91BC-2DFE4417A832}.Release|x64.Build.0 = Release|Any CPU
		{45D77932-A151-4C22-91BC-2DFE4417A832}.Release|x86.ActiveCfg = Release|Any CPU
		{45D77932-A151-4C22-91BC-2DFE4417A832}.Release|x86.Build.0 = Release|Any CPU
		{8F34F4DA-BF89-4413-869D-ED0AF2872861}.Debug|Any CPU.ActiveCfg = Debug|Any CPU
		{8F34F4DA-BF89-4413-869D-ED0AF2872861}.Debug|Any CPU.Build.0 = Debug|Any CPU
		{8F34F4DA-BF89-4413-869D-ED0AF2872861}.Debug|x64.ActiveCfg = Debug|Any CPU
		{8F34F4DA-BF89-4413-869D-ED0AF2872861}.Debug|x64.Build.0 = Debug|Any CPU
		{8F34F4DA-BF89-4413-869D-ED0AF2872861}.Debug|x86.ActiveCfg = Debug|Any CPU
		{8F34F4DA-BF89-4413-869D-ED0AF2872861}.Debug|x86.Build.0 = Debug|Any CPU
		{8F34F4DA-BF89-4413-869D-ED0AF2872861}.Release|Any CPU.ActiveCfg = Release|Any CPU
		{8F34F4DA-BF89-4413-869D-ED0AF2872861}.Release|Any CPU.Build.0 = Release|Any CPU
		{8F34F4DA-BF89-4413-869D-ED0AF2872861}.Release|x64.ActiveCfg = Release|Any CPU
		{8F34F4DA-BF89-4413-869D-ED0AF2872861}.Release|x64.Build.0 = Release|Any CPU
		{8F34F4DA-BF89-4413-869D-ED0AF2872861}.Release|x86.ActiveCfg = Release|Any CPU
		{8F34F4DA-BF89-4413-869D-ED0AF2872861}.Release|x86.Build.0 = Release|Any CPU
		{3CE2CACC-023C-4309-A9E3-E6AB78CB2CFF}.Debug|Any CPU.ActiveCfg = Debug|Any CPU
		{3CE2CACC-023C-4309-A9E3-E6AB78CB2CFF}.Debug|Any CPU.Build.0 = Debug|Any CPU
		{3CE2CACC-023C-4309-A9E3-E6AB78CB2CFF}.Debug|x64.ActiveCfg = Debug|Any CPU
		{3CE2CACC-023C-4309-A9E3-E6AB78CB2CFF}.Debug|x64.Build.0 = Debug|Any CPU
		{3CE2CACC-023C-4309-A9E3-E6AB78CB2CFF}.Debug|x86.ActiveCfg = Debug|Any CPU
		{3CE2CACC-023C-4309-A9E3-E6AB78CB2CFF}.Debug|x86.Build.0 = Debug|Any CPU
		{3CE2CACC-023C-4309-A9E3-E6AB78CB2CFF}.Release|Any CPU.ActiveCfg = Release|Any CPU
		{3CE2CACC-023C-4309-A9E3-E6AB78CB2CFF}.Release|Any CPU.Build.0 = Release|Any CPU
		{3CE2CACC-023C-4309-A9E3-E6AB78CB2CFF}.Release|x64.ActiveCfg = Release|Any CPU
		{3CE2CACC-023C-4309-A9E3-E6AB78CB2CFF}.Release|x64.Build.0 = Release|Any CPU
		{3CE2CACC-023C-4309-A9E3-E6AB78CB2CFF}.Release|x86.ActiveCfg = Release|Any CPU
		{3CE2CACC-023C-4309-A9E3-E6AB78CB2CFF}.Release|x86.Build.0 = Release|Any CPU
		{1592D089-D004-4326-AB53-1725C4874072}.Debug|Any CPU.ActiveCfg = Debug|Any CPU
		{1592D089-D004-4326-AB53-1725C4874072}.Debug|Any CPU.Build.0 = Debug|Any CPU
		{1592D089-D004-4326-AB53-1725C4874072}.Debug|Any CPU.Deploy.0 = Debug|Any CPU
		{1592D089-D004-4326-AB53-1725C4874072}.Debug|x64.ActiveCfg = Debug|Any CPU
		{1592D089-D004-4326-AB53-1725C4874072}.Debug|x64.Build.0 = Debug|Any CPU
		{1592D089-D004-4326-AB53-1725C4874072}.Debug|x64.Deploy.0 = Debug|Any CPU
		{1592D089-D004-4326-AB53-1725C4874072}.Debug|x86.ActiveCfg = Debug|Any CPU
		{1592D089-D004-4326-AB53-1725C4874072}.Debug|x86.Build.0 = Debug|Any CPU
		{1592D089-D004-4326-AB53-1725C4874072}.Debug|x86.Deploy.0 = Debug|Any CPU
		{1592D089-D004-4326-AB53-1725C4874072}.Release|Any CPU.ActiveCfg = Release|Any CPU
		{1592D089-D004-4326-AB53-1725C4874072}.Release|Any CPU.Build.0 = Release|Any CPU
		{1592D089-D004-4326-AB53-1725C4874072}.Release|Any CPU.Deploy.0 = Release|Any CPU
		{1592D089-D004-4326-AB53-1725C4874072}.Release|x64.ActiveCfg = Release|Any CPU
		{1592D089-D004-4326-AB53-1725C4874072}.Release|x64.Build.0 = Release|Any CPU
		{1592D089-D004-4326-AB53-1725C4874072}.Release|x64.Deploy.0 = Release|Any CPU
		{1592D089-D004-4326-AB53-1725C4874072}.Release|x86.ActiveCfg = Release|Any CPU
		{1592D089-D004-4326-AB53-1725C4874072}.Release|x86.Build.0 = Release|Any CPU
		{1592D089-D004-4326-AB53-1725C4874072}.Release|x86.Deploy.0 = Release|Any CPU
	EndGlobalSection
	GlobalSection(SolutionProperties) = preSolution
		HideSolutionNode = FALSE
	EndGlobalSection
	GlobalSection(ExtensibilityGlobals) = postSolution
		SolutionGuid = {47E7F3F0-00E0-4535-BEA3-7CAFBC542427}
	EndGlobalSection
EndGlobal
